
Microsoft Visual Studio Solution File, Format Version 12.00
# Visual Studio Version 17
VisualStudioVersion = 17.3.32922.545
MinimumVisualStudioVersion = 10.0.40219.1
Project("{2150E333-8FDC-42A3-9474-1A3956D46DE8}") = "RunConfigs", "RunConfigs", "{C7D2344B-A4A3-48CF-8081-7E8E4CA2B0B5}"
EndProject
Project("{9A19103F-16F7-4668-BE54-9A1E7A4F7556}") = "Run.Local.All", "Run.Local.All\Run.Local.All.csproj", "{865C0AB3-AB1D-43B3-A9FE-B7C8DBCA364E}"
EndProject
Project("{2150E333-8FDC-42A3-9474-1A3956D46DE8}") = "Modules", "Modules", "{503CB5CE-1371-4D14-8B7D-A95D23F2CD36}"
EndProject
Project("{2150E333-8FDC-42A3-9474-1A3956D46DE8}") = "Libraries", "Libraries", "{7A66D5C9-1D5D-49A9-87A2-56B90B27364F}"
EndProject
Project("{9A19103F-16F7-4668-BE54-9A1E7A4F7556}") = "TitanCore", "..\..\Library\TitanCore\TitanCore.csproj", "{59883C30-37CF-4895-A81F-8A53E19F8759}"
EndProject
Project("{9A19103F-16F7-4668-BE54-9A1E7A4F7556}") = "World", "World\World.csproj", "{ECD1E216-7D85-4C7C-B9E7-1B0C6E442E78}"
EndProject
Project("{9A19103F-16F7-4668-BE54-9A1E7A4F7556}") = "WorldGen", "WorldGen\WorldGen.csproj", "{B8221705-2386-4C80-813B-0C15E383BBB7}"
EndProject
Project("{9A19103F-16F7-4668-BE54-9A1E7A4F7556}") = "WebServer", "WebServer\WebServer.csproj", "{08B0668C-4E5F-46F1-B399-16BEA09B674E}"
EndProject
Project("{9A19103F-16F7-4668-BE54-9A1E7A4F7556}") = "TitanDatabase", "TitanDatabase\TitanDatabase.csproj", "{C29753C0-6625-4EE9-9C3F-28D062C04A74}"
EndProject
Project("{9A19103F-16F7-4668-BE54-9A1E7A4F7556}") = "Utils.NET", "..\..\Library\Utils.NET\Utils.NET\Utils.NET.csproj", "{C94C64C9-309E-4A75-9AE6-0F4999157840}"
EndProject
Project("{2150E333-8FDC-42A3-9474-1A3956D46DE8}") = "Tools", "Tools", "{3EBEF7EA-3E3F-4383-BB41-CB8959DD0F5F}"
EndProject
Project("{9A19103F-16F7-4668-BE54-9A1E7A4F7556}") = "RsaGen", "RsaGen\RsaGen.csproj", "{7AEAB14F-6879-4DD9-AF8C-8825E28C9F48}"
EndProject
Global
	GlobalSection(SolutionConfigurationPlatforms) = preSolution
		Debug|Any CPU = Debug|Any CPU
		Release|Any CPU = Release|Any CPU
	EndGlobalSection
	GlobalSection(ProjectConfigurationPlatforms) = postSolution
		{865C0AB3-AB1D-43B3-A9FE-B7C8DBCA364E}.Debug|Any CPU.ActiveCfg = Debug|Any CPU
		{865C0AB3-AB1D-43B3-A9FE-B7C8DBCA364E}.Debug|Any CPU.Build.0 = Debug|Any CPU
		{865C0AB3-AB1D-43B3-A9FE-B7C8DBCA364E}.Release|Any CPU.ActiveCfg = Release|Any CPU
		{865C0AB3-AB1D-43B3-A9FE-B7C8DBCA364E}.Release|Any CPU.Build.0 = Release|Any CPU
		{59883C30-37CF-4895-A81F-8A53E19F8759}.Debug|Any CPU.ActiveCfg = Debug|Any CPU
		{59883C30-37CF-4895-A81F-8A53E19F8759}.Debug|Any CPU.Build.0 = Debug|Any CPU
		{59883C30-37CF-4895-A81F-8A53E19F8759}.Release|Any CPU.ActiveCfg = Release|Any CPU
		{59883C30-37CF-4895-A81F-8A53E19F8759}.Release|Any CPU.Build.0 = Release|Any CPU
		{ECD1E216-7D85-4C7C-B9E7-1B0C6E442E78}.Debug|Any CPU.ActiveCfg = Debug|Any CPU
		{ECD1E216-7D85-4C7C-B9E7-1B0C6E442E78}.Debug|Any CPU.Build.0 = Debug|Any CPU
		{ECD1E216-7D85-4C7C-B9E7-1B0C6E442E78}.Release|Any CPU.ActiveCfg = Release|Any CPU
		{ECD1E216-7D85-4C7C-B9E7-1B0C6E442E78}.Release|Any CPU.Build.0 = Release|Any CPU
		{B8221705-2386-4C80-813B-0C15E383BBB7}.Debug|Any CPU.ActiveCfg = Debug|Any CPU
		{B8221705-2386-4C80-813B-0C15E383BBB7}.Debug|Any CPU.Build.0 = Debug|Any CPU
		{B8221705-2386-4C80-813B-0C15E383BBB7}.Release|Any CPU.ActiveCfg = Release|Any CPU
		{B8221705-2386-4C80-813B-0C15E383BBB7}.Release|Any CPU.Build.0 = Release|Any CPU
		{08B0668C-4E5F-46F1-B399-16BEA09B674E}.Debug|Any CPU.ActiveCfg = Debug|Any CPU
		{08B0668C-4E5F-46F1-B399-16BEA09B674E}.Debug|Any CPU.Build.0 = Debug|Any CPU
		{08B0668C-4E5F-46F1-B399-16BEA09B674E}.Release|Any CPU.ActiveCfg = Release|Any CPU
		{08B0668C-4E5F-46F1-B399-16BEA09B674E}.Release|Any CPU.Build.0 = Release|Any CPU
		{C29753C0-6625-4EE9-9C3F-28D062C04A74}.Debug|Any CPU.ActiveCfg = Debug|Any CPU
		{C29753C0-6625-4EE9-9C3F-28D062C04A74}.Debug|Any CPU.Build.0 = Debug|Any CPU
		{C29753C0-6625-4EE9-9C3F-28D062C04A74}.Release|Any CPU.ActiveCfg = Release|Any CPU
		{C29753C0-6625-4EE9-9C3F-28D062C04A74}.Release|Any CPU.Build.0 = Release|Any CPU
		{C94C64C9-309E-4A75-9AE6-0F4999157840}.Debug|Any CPU.ActiveCfg = Debug|Any CPU
		{C94C64C9-309E-4A75-9AE6-0F4999157840}.Debug|Any CPU.Build.0 = Debug|Any CPU
		{C94C64C9-309E-4A75-9AE6-0F4999157840}.Release|Any CPU.ActiveCfg = Release|Any CPU
		{C94C64C9-309E-4A75-9AE6-0F4999157840}.Release|Any CPU.Build.0 = Release|Any CPU
		{7AEAB14F-6879-4DD9-AF8C-8825E28C9F48}.Debug|Any CPU.ActiveCfg = Debug|Any CPU
		{7AEAB14F-6879-4DD9-AF8C-8825E28C9F48}.Debug|Any CPU.Build.0 = Debug|Any CPU
		{7AEAB14F-6879-4DD9-AF8C-8825E28C9F48}.Release|Any CPU.ActiveCfg = Release|Any CPU
		{7AEAB14F-6879-4DD9-AF8C-8825E28C9F48}.Release|Any CPU.Build.0 = Release|Any CPU
	EndGlobalSection
	GlobalSection(SolutionProperties) = preSolution
		HideSolutionNode = FALSE
	EndGlobalSection
	GlobalSection(NestedProjects) = preSolution
		{865C0AB3-AB1D-43B3-A9FE-B7C8DBCA364E} = {C7D2344B-A4A3-48CF-8081-7E8E4CA2B0B5}
		{59883C30-37CF-4895-A81F-8A53E19F8759} = {7A66D5C9-1D5D-49A9-87A2-56B90B27364F}
		{ECD1E216-7D85-4C7C-B9E7-1B0C6E442E78} = {503CB5CE-1371-4D14-8B7D-A95D23F2CD36}
		{B8221705-2386-4C80-813B-0C15E383BBB7} = {7A66D5C9-1D5D-49A9-87A2-56B90B27364F}
		{08B0668C-4E5F-46F1-B399-16BEA09B674E} = {503CB5CE-1371-4D14-8B7D-A95D23F2CD36}
		{C29753C0-6625-4EE9-9C3F-28D062C04A74} = {7A66D5C9-1D5D-49A9-87A2-56B90B27364F}
		{C94C64C9-309E-4A75-9AE6-0F4999157840} = {7A66D5C9-1D5D-49A9-87A2-56B90B27364F}
		{7AEAB14F-6879-4DD9-AF8C-8825E28C9F48} = {3EBEF7EA-3E3F-4383-BB41-CB8959DD0F5F}
	EndGlobalSection
	GlobalSection(ExtensibilityGlobals) = postSolution
		SolutionGuid = {45F128F2-8DB8-496E-9122-7BBB650A1A06}
	EndGlobalSection
EndGlobal
