
Microsoft Visual Studio Solution File, Format Version 12.00
# Visual Studio Version 16
VisualStudioVersion = 16.0.28917.181
MinimumVisualStudioVersion = 10.0.40219.1
Project("{2150E333-8FDC-42A3-9474-1A3956D46DE8}") = "RunConfigs", "RunConfigs", "{C7D2344B-A4A3-48CF-8081-7E8E4CA2B0B5}"
EndProject
Project("{2150E333-8FDC-42A3-9474-1A3956D46DE8}") = "Local", "Local", "{BEB7E3EA-D22B-40AD-B2C7-3AD511B47CFB}"
EndProject
Project("{9A19103F-16F7-4668-BE54-9A1E7A4F7556}") = "Run.Local.All", "Run.Local.All\Run.Local.All.csproj", "{865C0AB3-AB1D-43B3-A9FE-B7C8DBCA364E}"
EndProject
Project("{2150E333-8FDC-42A3-9474-1A3956D46DE8}") = "Modules", "Modules", "{503CB5CE-1371-4D14-8B7D-A95D23F2CD36}"
EndProject
Project("{2150E333-8FDC-42A3-9474-1A3956D46DE8}") = "Libraries", "Libraries", "{7A66D5C9-1D5D-49A9-87A2-56B90B27364F}"
EndProject
Project("{2150E333-8FDC-42A3-9474-1A3956D46DE8}") = "Tools", "Tools", "{D394C4B8-3B8B-4984-9B99-D1308848FEAA}"
EndProject
Project("{9A19103F-16F7-4668-BE54-9A1E7A4F7556}") = "TitanCore", "..\..\Library\TitanCore\TitanCore.csproj", "{59883C30-37CF-4895-A81F-8A53E19F8759}"
EndProject
Project("{9A19103F-16F7-4668-BE54-9A1E7A4F7556}") = "World", "World\World.csproj", "{ECD1E216-7D85-4C7C-B9E7-1B0C6E442E78}"
EndProject
Project("{9A19103F-16F7-4668-BE54-9A1E7A4F7556}") = "WorldGen", "WorldGen\WorldGen.csproj", "{B8221705-2386-4C80-813B-0C15E383BBB7}"
EndProject
Project("{9A19103F-16F7-4668-BE54-9A1E7A4F7556}") = "WebServer", "WebServer\WebServer.csproj", "{08B0668C-4E5F-46F1-B399-16BEA09B674E}"
EndProject
Project("{9A19103F-16F7-4668-BE54-9A1E7A4F7556}") = "TitanDatabase", "TitanDatabase\TitanDatabase.csproj", "{C29753C0-6625-4EE9-9C3F-28D062C04A74}"
EndProject
Project("{2150E333-8FDC-42A3-9474-1A3956D46DE8}") = "Testing", "Testing", "{48AAB5B0-C919-4FF0-93A9-6082D4744870}"
EndProject
Project("{9A19103F-16F7-4668-BE54-9A1E7A4F7556}") = "Run.Testing.WebServer", "Run.Testing.WebServer\Run.Testing.WebServer.csproj", "{B9CE68D6-81D5-4C0A-9999-431F43F5E784}"
EndProject
Project("{9A19103F-16F7-4668-BE54-9A1E7A4F7556}") = "Run.Testing.World", "Run.Testing.World\Run.Testing.World.csproj", "{297FC13E-F2CF-4094-B5AA-4DD704C1A8A5}"
EndProject
Project("{9A19103F-16F7-4668-BE54-9A1E7A4F7556}") = "Broadcaster.Testing", "Broadcaster.Testing\Broadcaster.Testing.csproj", "{61CEB0D6-71BA-4A07-BED6-2E7D1CD7C094}"
EndProject
Project("{9A19103F-16F7-4668-BE54-9A1E7A4F7556}") = "Run.Testing.WorldNode", "Run.Testing.WorldNode\Run.Testing.WorldNode.csproj", "{93657733-4ADC-4742-80FF-D25D59F7EAC4}"
EndProject
Project("{9A19103F-16F7-4668-BE54-9A1E7A4F7556}") = "UpdatePackager", "UpdatePackager\UpdatePackager.csproj", "{86865F69-D83D-45D4-B1B5-1A376FAAC0A8}"
EndProject
Project("{9A19103F-16F7-4668-BE54-9A1E7A4F7556}") = "PackageDownloader", "PackageDownloader\PackageDownloader.csproj", "{C1A73C00-8AAF-41D7-90A5-B259BA3F06C3}"
EndProject
Project("{9A19103F-16F7-4668-BE54-9A1E7A4F7556}") = "Run.Testing.WebServerNode", "Run.Testing.WebServerNode\Run.Testing.WebServerNode.csproj", "{5016A98D-9961-4532-82BC-3DDFEC90C27B}"
EndProject
Project("{9A19103F-16F7-4668-BE54-9A1E7A4F7556}") = "TestingPackager", "TestingPackager\TestingPackager.csproj", "{4875E54C-521F-4BC7-A5DD-3223BEEE5CDD}"
EndProject
Project("{2150E333-8FDC-42A3-9474-1A3956D46DE8}") = "Cheddar", "Cheddar", "{61FDBC35-F280-4DB1-AD28-E5739C9516DC}"
EndProject
Project("{9A19103F-16F7-4668-BE54-9A1E7A4F7556}") = "CheddarModule", "CheddarModule\CheddarModule.csproj", "{0B7D4D83-FEB8-4E3A-95E7-70C316B4699A}"
EndProject
Project("{9A19103F-16F7-4668-BE54-9A1E7A4F7556}") = "CheddarPacker", "CheddarPacker\CheddarPacker.csproj", "{1DF9CA6C-0E64-47AF-8FC4-A0F536CB3503}"
EndProject
Project("{9A19103F-16F7-4668-BE54-9A1E7A4F7556}") = "NameReservationLoader", "NameReservationLoader\NameReservationLoader.csproj", "{8F51488B-960C-4B3B-85B7-598EE9943C0A}"
EndProject
Project("{2150E333-8FDC-42A3-9474-1A3956D46DE8}") = "Prod", "Prod", "{D179B905-62E1-4573-A22D-1FCB17C865EF}"
EndProject
Project("{9A19103F-16F7-4668-BE54-9A1E7A4F7556}") = "Run.Prod.WebServerNode", "Run.Prod.WebServerNode\Run.Prod.WebServerNode.csproj", "{9F761A30-09A3-46BC-8A2F-7EA69CF2C5AA}"
EndProject
Project("{9A19103F-16F7-4668-BE54-9A1E7A4F7556}") = "Run.Prod.WebServer", "Run.Prod.WebServer\Run.Prod.WebServer.csproj", "{6503887B-8CFA-4D8D-9347-8C3337F1A83B}"
EndProject
Project("{9A19103F-16F7-4668-BE54-9A1E7A4F7556}") = "Run.Prod.WorldNode", "Run.Prod.WorldNode\Run.Prod.WorldNode.csproj", "{4B914BD7-7301-4F4B-9132-F5CFDDF82492}"
EndProject
Project("{9A19103F-16F7-4668-BE54-9A1E7A4F7556}") = "Run.Prod.World", "Run.Prod.World\Run.Prod.World.csproj", "{23868558-C84C-48D6-A9BF-F5942658CCDA}"
EndProject
Project("{9A19103F-16F7-4668-BE54-9A1E7A4F7556}") = "ProdPackager", "ProdPackager\ProdPackager.csproj", "{B6475AD8-6E2D-4583-8843-6D02890D6418}"
EndProject
Project("{9A19103F-16F7-4668-BE54-9A1E7A4F7556}") = "Utils.NET", "..\..\Library\Utils.NET\Utils.NET\Utils.NET.csproj", "{C94C64C9-309E-4A75-9AE6-0F4999157840}"
EndProject
Project("{9A19103F-16F7-4668-BE54-9A1E7A4F7556}") = "ProgramNode", "..\..\Library\ServerNetwork\ProgramNode\ProgramNode.csproj", "{BAF01E29-8E69-4996-8869-951BF0E00EC5}"
EndProject
Project("{9A19103F-16F7-4668-BE54-9A1E7A4F7556}") = "ServerBroadcaster", "..\..\Library\ServerNetwork\ServerBroadcaster\ServerBroadcaster.csproj", "{C512EABA-3EBB-4C68-AF1F-3AEE75D34175}"
EndProject
Project("{9A19103F-16F7-4668-BE54-9A1E7A4F7556}") = "ServerNode", "..\..\Library\ServerNetwork\ServerNode\ServerNode.csproj", "{0304727F-7CFD-4EB6-92BF-6EBF143529A7}"
EndProject
Project("{9A19103F-16F7-4668-BE54-9A1E7A4F7556}") = "TitanDiscordBot", "..\..\Library\TitanDiscordBot\TitanDiscordBot.csproj", "{E67A063A-8E4E-43BD-B776-E49CD22CDC71}"
EndProject
Global
	GlobalSection(SolutionConfigurationPlatforms) = preSolution
		Debug|Any CPU = Debug|Any CPU
		Release|Any CPU = Release|Any CPU
	EndGlobalSection
	GlobalSection(ProjectConfigurationPlatforms) = postSolution
		{865C0AB3-AB1D-43B3-A9FE-B7C8DBCA364E}.Debug|Any CPU.ActiveCfg = Debug|Any CPU
		{865C0AB3-AB1D-43B3-A9FE-B7C8DBCA364E}.Debug|Any CPU.Build.0 = Debug|Any CPU
		{865C0AB3-AB1D-43B3-A9FE-B7C8DBCA364E}.Release|Any CPU.ActiveCfg = Release|Any CPU
		{865C0AB3-AB1D-43B3-A9FE-B7C8DBCA364E}.Release|Any CPU.Build.0 = Release|Any CPU
		{59883C30-37CF-4895-A81F-8A53E19F8759}.Debug|Any CPU.ActiveCfg = Debug|Any CPU
		{59883C30-37CF-4895-A81F-8A53E19F8759}.Debug|Any CPU.Build.0 = Debug|Any CPU
		{59883C30-37CF-4895-A81F-8A53E19F8759}.Release|Any CPU.ActiveCfg = Release|Any CPU
		{59883C30-37CF-4895-A81F-8A53E19F8759}.Release|Any CPU.Build.0 = Release|Any CPU
		{ECD1E216-7D85-4C7C-B9E7-1B0C6E442E78}.Debug|Any CPU.ActiveCfg = Debug|Any CPU
		{ECD1E216-7D85-4C7C-B9E7-1B0C6E442E78}.Debug|Any CPU.Build.0 = Debug|Any CPU
		{ECD1E216-7D85-4C7C-B9E7-1B0C6E442E78}.Release|Any CPU.ActiveCfg = Release|Any CPU
		{ECD1E216-7D85-4C7C-B9E7-1B0C6E442E78}.Release|Any CPU.Build.0 = Release|Any CPU
		{B8221705-2386-4C80-813B-0C15E383BBB7}.Debug|Any CPU.ActiveCfg = Debug|Any CPU
		{B8221705-2386-4C80-813B-0C15E383BBB7}.Debug|Any CPU.Build.0 = Debug|Any CPU
		{B8221705-2386-4C80-813B-0C15E383BBB7}.Release|Any CPU.ActiveCfg = Release|Any CPU
		{B8221705-2386-4C80-813B-0C15E383BBB7}.Release|Any CPU.Build.0 = Release|Any CPU
		{08B0668C-4E5F-46F1-B399-16BEA09B674E}.Debug|Any CPU.ActiveCfg = Debug|Any CPU
		{08B0668C-4E5F-46F1-B399-16BEA09B674E}.Debug|Any CPU.Build.0 = Debug|Any CPU
		{08B0668C-4E5F-46F1-B399-16BEA09B674E}.Release|Any CPU.ActiveCfg = Release|Any CPU
		{08B0668C-4E5F-46F1-B399-16BEA09B674E}.Release|Any CPU.Build.0 = Release|Any CPU
		{C29753C0-6625-4EE9-9C3F-28D062C04A74}.Debug|Any CPU.ActiveCfg = Debug|Any CPU
		{C29753C0-6625-4EE9-9C3F-28D062C04A74}.Debug|Any CPU.Build.0 = Debug|Any CPU
		{C29753C0-6625-4EE9-9C3F-28D062C04A74}.Release|Any CPU.ActiveCfg = Release|Any CPU
		{C29753C0-6625-4EE9-9C3F-28D062C04A74}.Release|Any CPU.Build.0 = Release|Any CPU
		{B9CE68D6-81D5-4C0A-9999-431F43F5E784}.Debug|Any CPU.ActiveCfg = Debug|Any CPU
		{B9CE68D6-81D5-4C0A-9999-431F43F5E784}.Debug|Any CPU.Build.0 = Debug|Any CPU
		{B9CE68D6-81D5-4C0A-9999-431F43F5E784}.Release|Any CPU.ActiveCfg = Release|Any CPU
		{B9CE68D6-81D5-4C0A-9999-431F43F5E784}.Release|Any CPU.Build.0 = Release|Any CPU
		{297FC13E-F2CF-4094-B5AA-4DD704C1A8A5}.Debug|Any CPU.ActiveCfg = Debug|Any CPU
		{297FC13E-F2CF-4094-B5AA-4DD704C1A8A5}.Debug|Any CPU.Build.0 = Debug|Any CPU
		{297FC13E-F2CF-4094-B5AA-4DD704C1A8A5}.Release|Any CPU.ActiveCfg = Release|Any CPU
		{297FC13E-F2CF-4094-B5AA-4DD704C1A8A5}.Release|Any CPU.Build.0 = Release|Any CPU
		{61CEB0D6-71BA-4A07-BED6-2E7D1CD7C094}.Debug|Any CPU.ActiveCfg = Debug|Any CPU
		{61CEB0D6-71BA-4A07-BED6-2E7D1CD7C094}.Debug|Any CPU.Build.0 = Debug|Any CPU
		{61CEB0D6-71BA-4A07-BED6-2E7D1CD7C094}.Release|Any CPU.ActiveCfg = Release|Any CPU
		{61CEB0D6-71BA-4A07-BED6-2E7D1CD7C094}.Release|Any CPU.Build.0 = Release|Any CPU
		{93657733-4ADC-4742-80FF-D25D59F7EAC4}.Debug|Any CPU.ActiveCfg = Debug|Any CPU
		{93657733-4ADC-4742-80FF-D25D59F7EAC4}.Debug|Any CPU.Build.0 = Debug|Any CPU
		{93657733-4ADC-4742-80FF-D25D59F7EAC4}.Release|Any CPU.ActiveCfg = Release|Any CPU
		{93657733-4ADC-4742-80FF-D25D59F7EAC4}.Release|Any CPU.Build.0 = Release|Any CPU
		{86865F69-D83D-45D4-B1B5-1A376FAAC0A8}.Debug|Any CPU.ActiveCfg = Debug|Any CPU
		{86865F69-D83D-45D4-B1B5-1A376FAAC0A8}.Debug|Any CPU.Build.0 = Debug|Any CPU
		{86865F69-D83D-45D4-B1B5-1A376FAAC0A8}.Release|Any CPU.ActiveCfg = Release|Any CPU
		{86865F69-D83D-45D4-B1B5-1A376FAAC0A8}.Release|Any CPU.Build.0 = Release|Any CPU
		{C1A73C00-8AAF-41D7-90A5-B259BA3F06C3}.Debug|Any CPU.ActiveCfg = Debug|Any CPU
		{C1A73C00-8AAF-41D7-90A5-B259BA3F06C3}.Debug|Any CPU.Build.0 = Debug|Any CPU
		{C1A73C00-8AAF-41D7-90A5-B259BA3F06C3}.Release|Any CPU.ActiveCfg = Release|Any CPU
		{C1A73C00-8AAF-41D7-90A5-B259BA3F06C3}.Release|Any CPU.Build.0 = Release|Any CPU
		{5016A98D-9961-4532-82BC-3DDFEC90C27B}.Debug|Any CPU.ActiveCfg = Debug|Any CPU
		{5016A98D-9961-4532-82BC-3DDFEC90C27B}.Debug|Any CPU.Build.0 = Debug|Any CPU
		{5016A98D-9961-4532-82BC-3DDFEC90C27B}.Release|Any CPU.ActiveCfg = Release|Any CPU
		{5016A98D-9961-4532-82BC-3DDFEC90C27B}.Release|Any CPU.Build.0 = Release|Any CPU
		{4875E54C-521F-4BC7-A5DD-3223BEEE5CDD}.Debug|Any CPU.ActiveCfg = Debug|Any CPU
		{4875E54C-521F-4BC7-A5DD-3223BEEE5CDD}.Debug|Any CPU.Build.0 = Debug|Any CPU
		{4875E54C-521F-4BC7-A5DD-3223BEEE5CDD}.Release|Any CPU.ActiveCfg = Release|Any CPU
		{4875E54C-521F-4BC7-A5DD-3223BEEE5CDD}.Release|Any CPU.Build.0 = Release|Any CPU
		{0B7D4D83-FEB8-4E3A-95E7-70C316B4699A}.Debug|Any CPU.ActiveCfg = Debug|Any CPU
		{0B7D4D83-FEB8-4E3A-95E7-70C316B4699A}.Debug|Any CPU.Build.0 = Debug|Any CPU
		{0B7D4D83-FEB8-4E3A-95E7-70C316B4699A}.Release|Any CPU.ActiveCfg = Release|Any CPU
		{0B7D4D83-FEB8-4E3A-95E7-70C316B4699A}.Release|Any CPU.Build.0 = Release|Any CPU
		{1DF9CA6C-0E64-47AF-8FC4-A0F536CB3503}.Debug|Any CPU.ActiveCfg = Debug|Any CPU
		{1DF9CA6C-0E64-47AF-8FC4-A0F536CB3503}.Debug|Any CPU.Build.0 = Debug|Any CPU
		{1DF9CA6C-0E64-47AF-8FC4-A0F536CB3503}.Release|Any CPU.ActiveCfg = Release|Any CPU
		{1DF9CA6C-0E64-47AF-8FC4-A0F536CB3503}.Release|Any CPU.Build.0 = Release|Any CPU
		{8F51488B-960C-4B3B-85B7-598EE9943C0A}.Debug|Any CPU.ActiveCfg = Debug|Any CPU
		{8F51488B-960C-4B3B-85B7-598EE9943C0A}.Debug|Any CPU.Build.0 = Debug|Any CPU
		{8F51488B-960C-4B3B-85B7-598EE9943C0A}.Release|Any CPU.ActiveCfg = Release|Any CPU
		{8F51488B-960C-4B3B-85B7-598EE9943C0A}.Release|Any CPU.Build.0 = Release|Any CPU
		{9F761A30-09A3-46BC-8A2F-7EA69CF2C5AA}.Debug|Any CPU.ActiveCfg = Debug|Any CPU
		{9F761A30-09A3-46BC-8A2F-7EA69CF2C5AA}.Debug|Any CPU.Build.0 = Debug|Any CPU
		{9F761A30-09A3-46BC-8A2F-7EA69CF2C5AA}.Release|Any CPU.ActiveCfg = Release|Any CPU
		{9F761A30-09A3-46BC-8A2F-7EA69CF2C5AA}.Release|Any CPU.Build.0 = Release|Any CPU
		{6503887B-8CFA-4D8D-9347-8C3337F1A83B}.Debug|Any CPU.ActiveCfg = Debug|Any CPU
		{6503887B-8CFA-4D8D-9347-8C3337F1A83B}.Debug|Any CPU.Build.0 = Debug|Any CPU
		{6503887B-8CFA-4D8D-9347-8C3337F1A83B}.Release|Any CPU.ActiveCfg = Release|Any CPU
		{6503887B-8CFA-4D8D-9347-8C3337F1A83B}.Release|Any CPU.Build.0 = Release|Any CPU
		{4B914BD7-7301-4F4B-9132-F5CFDDF82492}.Debug|Any CPU.ActiveCfg = Debug|Any CPU
		{4B914BD7-7301-4F4B-9132-F5CFDDF82492}.Debug|Any CPU.Build.0 = Debug|Any CPU
		{4B914BD7-7301-4F4B-9132-F5CFDDF82492}.Release|Any CPU.ActiveCfg = Release|Any CPU
		{4B914BD7-7301-4F4B-9132-F5CFDDF82492}.Release|Any CPU.Build.0 = Release|Any CPU
		{23868558-C84C-48D6-A9BF-F5942658CCDA}.Debug|Any CPU.ActiveCfg = Debug|Any CPU
		{23868558-C84C-48D6-A9BF-F5942658CCDA}.Debug|Any CPU.Build.0 = Debug|Any CPU
		{23868558-C84C-48D6-A9BF-F5942658CCDA}.Release|Any CPU.ActiveCfg = Release|Any CPU
		{23868558-C84C-48D6-A9BF-F5942658CCDA}.Release|Any CPU.Build.0 = Release|Any CPU
		{B6475AD8-6E2D-4583-8843-6D02890D6418}.Debug|Any CPU.ActiveCfg = Debug|Any CPU
		{B6475AD8-6E2D-4583-8843-6D02890D6418}.Debug|Any CPU.Build.0 = Debug|Any CPU
		{B6475AD8-6E2D-4583-8843-6D02890D6418}.Release|Any CPU.ActiveCfg = Release|Any CPU
		{B6475AD8-6E2D-4583-8843-6D02890D6418}.Release|Any CPU.Build.0 = Release|Any CPU
		{C94C64C9-309E-4A75-9AE6-0F4999157840}.Debug|Any CPU.ActiveCfg = Debug|Any CPU
		{C94C64C9-309E-4A75-9AE6-0F4999157840}.Debug|Any CPU.Build.0 = Debug|Any CPU
		{C94C64C9-309E-4A75-9AE6-0F4999157840}.Release|Any CPU.ActiveCfg = Release|Any CPU
		{C94C64C9-309E-4A75-9AE6-0F4999157840}.Release|Any CPU.Build.0 = Release|Any CPU
		{BAF01E29-8E69-4996-8869-951BF0E00EC5}.Debug|Any CPU.ActiveCfg = Debug|Any CPU
		{BAF01E29-8E69-4996-8869-951BF0E00EC5}.Debug|Any CPU.Build.0 = Debug|Any CPU
		{BAF01E29-8E69-4996-8869-951BF0E00EC5}.Release|Any CPU.ActiveCfg = Release|Any CPU
		{BAF01E29-8E69-4996-8869-951BF0E00EC5}.Release|Any CPU.Build.0 = Release|Any CPU
		{C512EABA-3EBB-4C68-AF1F-3AEE75D34175}.Debug|Any CPU.ActiveCfg = Debug|Any CPU
		{C512EABA-3EBB-4C68-AF1F-3AEE75D34175}.Debug|Any CPU.Build.0 = Debug|Any CPU
		{C512EABA-3EBB-4C68-AF1F-3AEE75D34175}.Release|Any CPU.ActiveCfg = Release|Any CPU
		{C512EABA-3EBB-4C68-AF1F-3AEE75D34175}.Release|Any CPU.Build.0 = Release|Any CPU
		{0304727F-7CFD-4EB6-92BF-6EBF143529A7}.Debug|Any CPU.ActiveCfg = Debug|Any CPU
		{0304727F-7CFD-4EB6-92BF-6EBF143529A7}.Debug|Any CPU.Build.0 = Debug|Any CPU
		{0304727F-7CFD-4EB6-92BF-6EBF143529A7}.Release|Any CPU.ActiveCfg = Release|Any CPU
		{0304727F-7CFD-4EB6-92BF-6EBF143529A7}.Release|Any CPU.Build.0 = Release|Any CPU
		{E67A063A-8E4E-43BD-B776-E49CD22CDC71}.Debug|Any CPU.ActiveCfg = Debug|Any CPU
		{E67A063A-8E4E-43BD-B776-E49CD22CDC71}.Debug|Any CPU.Build.0 = Debug|Any CPU
		{E67A063A-8E4E-43BD-B776-E49CD22CDC71}.Release|Any CPU.ActiveCfg = Release|Any CPU
		{E67A063A-8E4E-43BD-B776-E49CD22CDC71}.Release|Any CPU.Build.0 = Release|Any CPU
	EndGlobalSection
	GlobalSection(SolutionProperties) = preSolution
		HideSolutionNode = FALSE
	EndGlobalSection
	GlobalSection(NestedProjects) = preSolution
		{BEB7E3EA-D22B-40AD-B2C7-3AD511B47CFB} = {C7D2344B-A4A3-48CF-8081-7E8E4CA2B0B5}
		{865C0AB3-AB1D-43B3-A9FE-B7C8DBCA364E} = {BEB7E3EA-D22B-40AD-B2C7-3AD511B47CFB}
		{59883C30-37CF-4895-A81F-8A53E19F8759} = {7A66D5C9-1D5D-49A9-87A2-56B90B27364F}
		{ECD1E216-7D85-4C7C-B9E7-1B0C6E442E78} = {503CB5CE-1371-4D14-8B7D-A95D23F2CD36}
		{B8221705-2386-4C80-813B-0C15E383BBB7} = {7A66D5C9-1D5D-49A9-87A2-56B90B27364F}
		{08B0668C-4E5F-46F1-B399-16BEA09B674E} = {503CB5CE-1371-4D14-8B7D-A95D23F2CD36}
		{C29753C0-6625-4EE9-9C3F-28D062C04A74} = {7A66D5C9-1D5D-49A9-87A2-56B90B27364F}
		{48AAB5B0-C919-4FF0-93A9-6082D4744870} = {C7D2344B-A4A3-48CF-8081-7E8E4CA2B0B5}
		{B9CE68D6-81D5-4C0A-9999-431F43F5E784} = {48AAB5B0-C919-4FF0-93A9-6082D4744870}
		{297FC13E-F2CF-4094-B5AA-4DD704C1A8A5} = {48AAB5B0-C919-4FF0-93A9-6082D4744870}
		{61CEB0D6-71BA-4A07-BED6-2E7D1CD7C094} = {D394C4B8-3B8B-4984-9B99-D1308848FEAA}
		{93657733-4ADC-4742-80FF-D25D59F7EAC4} = {48AAB5B0-C919-4FF0-93A9-6082D4744870}
		{86865F69-D83D-45D4-B1B5-1A376FAAC0A8} = {D394C4B8-3B8B-4984-9B99-D1308848FEAA}
		{C1A73C00-8AAF-41D7-90A5-B259BA3F06C3} = {503CB5CE-1371-4D14-8B7D-A95D23F2CD36}
		{5016A98D-9961-4532-82BC-3DDFEC90C27B} = {48AAB5B0-C919-4FF0-93A9-6082D4744870}
		{4875E54C-521F-4BC7-A5DD-3223BEEE5CDD} = {48AAB5B0-C919-4FF0-93A9-6082D4744870}
		{61FDBC35-F280-4DB1-AD28-E5739C9516DC} = {C7D2344B-A4A3-48CF-8081-7E8E4CA2B0B5}
		{0B7D4D83-FEB8-4E3A-95E7-70C316B4699A} = {61FDBC35-F280-4DB1-AD28-E5739C9516DC}
		{1DF9CA6C-0E64-47AF-8FC4-A0F536CB3503} = {61FDBC35-F280-4DB1-AD28-E5739C9516DC}
		{8F51488B-960C-4B3B-85B7-598EE9943C0A} = {D394C4B8-3B8B-4984-9B99-D1308848FEAA}
		{D179B905-62E1-4573-A22D-1FCB17C865EF} = {C7D2344B-A4A3-48CF-8081-7E8E4CA2B0B5}
		{9F761A30-09A3-46BC-8A2F-7EA69CF2C5AA} = {D179B905-62E1-4573-A22D-1FCB17C865EF}
		{6503887B-8CFA-4D8D-9347-8C3337F1A83B} = {D179B905-62E1-4573-A22D-1FCB17C865EF}
		{4B914BD7-7301-4F4B-9132-F5CFDDF82492} = {D179B905-62E1-4573-A22D-1FCB17C865EF}
		{23868558-C84C-48D6-A9BF-F5942658CCDA} = {D179B905-62E1-4573-A22D-1FCB17C865EF}
		{B6475AD8-6E2D-4583-8843-6D02890D6418} = {D179B905-62E1-4573-A22D-1FCB17C865EF}
		{C94C64C9-309E-4A75-9AE6-0F4999157840} = {7A66D5C9-1D5D-49A9-87A2-56B90B27364F}
		{BAF01E29-8E69-4996-8869-951BF0E00EC5} = {D394C4B8-3B8B-4984-9B99-D1308848FEAA}
		{C512EABA-3EBB-4C68-AF1F-3AEE75D34175} = {D394C4B8-3B8B-4984-9B99-D1308848FEAA}
		{0304727F-7CFD-4EB6-92BF-6EBF143529A7} = {D394C4B8-3B8B-4984-9B99-D1308848FEAA}
		{E67A063A-8E4E-43BD-B776-E49CD22CDC71} = {61FDBC35-F280-4DB1-AD28-E5739C9516DC}
	EndGlobalSection
	GlobalSection(ExtensibilityGlobals) = postSolution
		SolutionGuid = {45F128F2-8DB8-496E-9122-7BBB650A1A06}
	EndGlobalSection
EndGlobal
